PODS:
  - device_info (0.0.1):
    - Flutter
  - Flutter (1.0.0)
  - photo_gallery (0.0.1):
    - Flutter
  - photo_manager (0.0.1):
    - Flutter
    - FlutterMacOS
  - shared_preferences (0.0.1):
    - Flutter
  - wakelock (0.0.1):
    - Flutter

DEPENDENCIES:
  - device_info (from `.symlinks/plugins/device_info/ios`)
  - Flutter (from `Flutter`)
  - photo_gallery (from `.symlinks/plugins/photo_gallery/ios`)
  - photo_manager (from `.symlinks/plugins/photo_manager/ios`)
  - shared_preferences (from `.symlinks/plugins/shared_preferences/ios`)
  - wakelock (from `.symlinks/plugins/wakelock/ios`)

EXTERNAL SOURCES:
  device_info:
    :path: ".symlinks/plugins/device_info/ios"
  Flutter:
    :path: Flutter
  photo_gallery:
    :path: ".symlinks/plugins/photo_gallery/ios"
  photo_manager:
    :path: ".symlinks/plugins/photo_manager/ios"
  shared_preferences:
    :path: ".symlinks/plugins/shared_preferences/ios"
  wakelock:
    :path: ".symlinks/plugins/wakelock/ios"

SPEC CHECKSUMS:
  device_info: d7d233b645a32c40dfdc212de5cf646ca482f175
  Flutter: 434fef37c0980e73bb6479ef766c45957d4b510c
  photo_gallery: 9f95e57747cd22c10676ece3660d1ffe6c603ee5
  photo_manager: a8db3597a3b44e17ecb331fa099731c99b849496
  shared_preferences: af6bfa751691cdc24be3045c43ec037377ada40d
  wakelock: d0fc7c864128eac40eba1617cb5264d9c940b46f

PODFILE CHECKSUM: aafe91acc616949ddb318b77800a7f51bffa2a4c

COCOAPODS: 1.10.1
